
Microsoft Visual Studio Solution File, Format Version 12.00
# Visual Studio 15
VisualStudioVersion = 15.0.26730.16
MinimumVisualStudioVersion = 10.0.40219.1
Project("{FAE04EC0-301F-11D3-BF4B-00C04F79EFBC}") = "MixMedia.Github", "MixMedia.Github\MixMedia.Github.csproj", "{8C8796BC-4A11-4175-AF92-8B06A1C59732}"
EndProject
Project("{FAE04EC0-301F-11D3-BF4B-00C04F79EFBC}") = "MixMedia.Github.Tests", "Tests\MixMedia.Github.Tests\MixMedia.Github.Tests.csproj", "{A496D505-D058-48A7-90C4-D6661BAD91AA}"
EndProject
Global
	GlobalSection(SolutionConfigurationPlatforms) = preSolution
		Debug|Any CPU = Debug|Any CPU
		Release|Any CPU = Release|Any CPU
	EndGlobalSection
	GlobalSection(ProjectConfigurationPlatforms) = postSolution
		{8C8796BC-4A11-4175-AF92-8B06A1C59732}.Debug|Any CPU.ActiveCfg = Debug|Any CPU
		{8C8796BC-4A11-4175-AF92-8B06A1C59732}.Debug|Any CPU.Build.0 = Debug|Any CPU
		{8C8796BC-4A11-4175-AF92-8B06A1C59732}.Release|Any CPU.ActiveCfg = Release|Any CPU
		{8C8796BC-4A11-4175-AF92-8B06A1C59732}.Release|Any CPU.Build.0 = Release|Any CPU
		{A496D505-D058-48A7-90C4-D6661BAD91AA}.Debug|Any CPU.ActiveCfg = Debug|Any CPU
		{A496D505-D058-48A7-90C4-D6661BAD91AA}.Debug|Any CPU.Build.0 = Debug|Any CPU
		{A496D505-D058-48A7-90C4-D6661BAD91AA}.Release|Any CPU.ActiveCfg = Release|Any CPU
		{A496D505-D058-48A7-90C4-D6661BAD91AA}.Release|Any CPU.Build.0 = Release|Any CPU
	EndGlobalSection
	GlobalSection(SolutionProperties) = preSolution
		HideSolutionNode = FALSE
	EndGlobalSection
	GlobalSection(ExtensibilityGlobals) = postSolution
		SolutionGuid = {1AEE24F8-B306-4287-A1B8-C63E81F13D6D}
	EndGlobalSection
EndGlobal
